
Microsoft Visual Studio Solution File, Format Version 12.00
# Visual Studio Version 16
VisualStudioVersion = 16.0.30717.126
MinimumVisualStudioVersion = 10.0.40219.1
Project("{FAE04EC0-301F-11D3-BF4B-00C04F79EFBC}") = "NetCoreMvc", "NetCoreMvc\NetCoreMvc.csproj", "{9556F68D-D1D6-4E03-BE09-0D516B14A0F2}"
EndProject
Global
	GlobalSection(SolutionConfigurationPlatforms) = preSolution
		Debug|Any CPU = Debug|Any CPU
		Release|Any CPU = Release|Any CPU
	EndGlobalSection
	GlobalSection(ProjectConfigurationPlatforms) = postSolution
		{9556F68D-D1D6-4E03-BE09-0D516B14A0F2}.Debug|Any CPU.ActiveCfg = Debug|Any CPU
		{9556F68D-D1D6-4E03-BE09-0D516B14A0F2}.Debug|Any CPU.Build.0 = Debug|Any CPU
		{9556F68D-D1D6-4E03-BE09-0D516B14A0F2}.Release|Any CPU.ActiveCfg = Release|Any CPU
		{9556F68D-D1D6-4E03-BE09-0D516B14A0F2}.Release|Any CPU.Build.0 = Release|Any CPU
	EndGlobalSection
	GlobalSection(SolutionProperties) = preSolution
		HideSolutionNode = FALSE
	EndGlobalSection
	GlobalSection(ExtensibilityGlobals) = postSolution
		SolutionGuid = {0318F159-A4D2-4732-9032-1AE55DB801D0}
	EndGlobalSection
EndGlobal
